
Microsoft Visual Studio Solution File, Format Version 12.00
# Visual Studio Version 17
VisualStudioVersion = 17.5.002.0
MinimumVisualStudioVersion = 10.0.40219.1
Project("{9A19103F-16F7-4668-BE54-9A1E7A4F7556}") = "Kryolite.SmartContract", "Kryolite.SmartContract\Kryolite.SmartContract.csproj", "{5627AA28-6C0D-4F4A-B671-22FFE04B56C1}"
EndProject
Project("{2150E333-8FDC-42A3-9474-1A3956D46DE8}") = "samples", "samples", "{3730EF47-53F4-4EF3-9397-F105187333F9}"
EndProject
Project("{9A19103F-16F7-4668-BE54-9A1E7A4F7556}") = "SaturdayNightLotto", "samples\SaturdayNightLotto\SaturdayNightLotto.csproj", "{C8F3958D-C58E-47DF-831D-DAC151271D46}"
EndProject
Project("{FAE04EC0-301F-11D3-BF4B-00C04F79EFBC}") = "Kryolite.SmartContract.Generator", "Kryolite.SmartContract.Generator\Kryolite.SmartContract.Generator.csproj", "{228AE284-1108-4B13-8110-F048FC1899EB}"
EndProject
Global
	GlobalSection(SolutionConfigurationPlatforms) = preSolution
		Debug|Any CPU = Debug|Any CPU
		Release|Any CPU = Release|Any CPU
	EndGlobalSection
	GlobalSection(ProjectConfigurationPlatforms) = postSolution
		{5627AA28-6C0D-4F4A-B671-22FFE04B56C1}.Debug|Any CPU.ActiveCfg = Debug|Any CPU
		{5627AA28-6C0D-4F4A-B671-22FFE04B56C1}.Debug|Any CPU.Build.0 = Debug|Any CPU
		{5627AA28-6C0D-4F4A-B671-22FFE04B56C1}.Release|Any CPU.ActiveCfg = Release|Any CPU
		{5627AA28-6C0D-4F4A-B671-22FFE04B56C1}.Release|Any CPU.Build.0 = Release|Any CPU
		{C8F3958D-C58E-47DF-831D-DAC151271D46}.Debug|Any CPU.ActiveCfg = Debug|Any CPU
		{C8F3958D-C58E-47DF-831D-DAC151271D46}.Debug|Any CPU.Build.0 = Debug|Any CPU
		{C8F3958D-C58E-47DF-831D-DAC151271D46}.Release|Any CPU.ActiveCfg = Release|Any CPU
		{C8F3958D-C58E-47DF-831D-DAC151271D46}.Release|Any CPU.Build.0 = Release|Any CPU
		{228AE284-1108-4B13-8110-F048FC1899EB}.Debug|Any CPU.ActiveCfg = Debug|Any CPU
		{228AE284-1108-4B13-8110-F048FC1899EB}.Debug|Any CPU.Build.0 = Debug|Any CPU
		{228AE284-1108-4B13-8110-F048FC1899EB}.Release|Any CPU.ActiveCfg = Release|Any CPU
		{228AE284-1108-4B13-8110-F048FC1899EB}.Release|Any CPU.Build.0 = Release|Any CPU
	EndGlobalSection
	GlobalSection(SolutionProperties) = preSolution
		HideSolutionNode = FALSE
	EndGlobalSection
	GlobalSection(NestedProjects) = preSolution
		{C8F3958D-C58E-47DF-831D-DAC151271D46} = {3730EF47-53F4-4EF3-9397-F105187333F9}
	EndGlobalSection
	GlobalSection(ExtensibilityGlobals) = postSolution
		SolutionGuid = {B56C66F5-D311-42A1-BBA0-36669E5A453F}
	EndGlobalSection
EndGlobal
